
Microsoft Visual Studio Solution File, Format Version 12.00
# Visual Studio Version 16
VisualStudioVersion = 16.0.30011.22
MinimumVisualStudioVersion = 10.0.40219.1
Project("{FAE04EC0-301F-11D3-BF4B-00C04F79EFBC}") = "Homework09", "Homework09.csproj", "{39A83427-E3FB-40DB-8846-8AE8BF49271B}"
EndProject
Global
	GlobalSection(SolutionConfigurationPlatforms) = preSolution
		Debug|Any CPU = Debug|Any CPU
		Release|Any CPU = Release|Any CPU
	EndGlobalSection
	GlobalSection(ProjectConfigurationPlatforms) = postSolution
		{39A83427-E3FB-40DB-8846-8AE8BF49271B}.Debug|Any CPU.ActiveCfg = Debug|Any CPU
		{39A83427-E3FB-40DB-8846-8AE8BF49271B}.Debug|Any CPU.Build.0 = Debug|Any CPU
		{39A83427-E3FB-40DB-8846-8AE8BF49271B}.Release|Any CPU.ActiveCfg = Release|Any CPU
		{39A83427-E3FB-40DB-8846-8AE8BF49271B}.Release|Any CPU.Build.0 = Release|Any CPU
	EndGlobalSection
	GlobalSection(SolutionProperties) = preSolution
		HideSolutionNode = FALSE
	EndGlobalSection
	GlobalSection(ExtensibilityGlobals) = postSolution
		SolutionGuid = {A3DFE50C-0973-41C9-911D-2C2EF75EE40B}
	EndGlobalSection
EndGlobal
